# Generated by pub
# DO NOT MODIFY BY HAND

packages:
  async:
    dependency: transitive
    description:
      name: async
      url: "https://pub.dev"
    source: hosted
    version: "2.10.0"

  boolean_selector:
    dependency: transitive
    description:
      name: boolean_selector
      url: "https://pub.dev"
    source: hosted
    version: "2.1.1"

  characters:
    dependency: transitive
    description:
      name: characters
      url: "https://pub.dev"
    source: hosted
    version: "1.2.1"

  clock:
    dependency: transitive
    description:
      name: clock
      url: "https://pub.dev"
    source: hosted
    version: "1.1.1"

  collection:
    dependency: transitive
    description:
      name: collection
      url: "https://pub.dev"
    source: hosted
    version: "1.17.2"

  dio:
    dependency: "direct main"
    description:
      name: dio
      url: "https://pub.dev"
    source: hosted
    version: "5.3.3"

  flutter:
    dependency: "direct main"
    description: flutter
    source: sdk

  flutter_spinkit:
    dependency: "direct main"
    description:
      name: flutter_spinkit
      url: "https://pub.dev"
    source: hosted
    version: "5.2.0"

  http:
    dependency: "direct main"
    description:
      name: http
      url: "https://pub.dev"
    source: hosted
    version: "1.1.0"

  image_picker:
    dependency: "direct main"
    description:
      name: image_picker
      url: "https://pub.dev"
    source: hosted
    version: "1.0.7"

  matcher:
    dependency: transitive
    description:
      name: matcher
      url: "https://pub.dev"
    source: hosted
    version: "0.12.13"

  material_color_utilities:
    dependency: transitive
    description:
      name: material_color_utilities
      url: "https://pub.dev"
    source: hosted
    version: "0.5.0"

  meta:
    dependency: transitive
    description:
      name: meta
      url: "https://pub.dev"
    source: hosted
    version: "1.9.1"

  path:
    dependency: transitive
    description:
      name: path
      url: "https://pub.dev"
    source: hosted
    version: "1.8.3"

  provider:
    dependency: "direct main"
    description:
      name: provider
      url: "https://pub.dev"
    source: hosted
    version: "6.0.5"

  shared_preferences:
    dependency: "direct main"
    description:
      name: shared_preferences
      url: "https://pub.dev"
    source: hosted
    version: "2.2.2"

  sky_engine:
    dependency: transitive
    description: flutter
    source: sdk

sdks:
  dart: ">=2.17.0 <4.0.0"
  flutter: ">=3.0.0"
